// !$*UTF8*$!
{
	archiveVersion = 1;
	classes = {
	};
	objectVersion = 50;
	objects = {

/* Begin PBXBuildFile section */
		2DD5EFDE8429195AA8E377FF /* Pods_GrindhouseCinema.framework in Frameworks */ = {isa = PBXBuildFile; fileRef = C4A3CD9CDE997BB6DB36FE0F /* Pods_GrindhouseCinema.framework */; };
		3BAD2ED8226F8FB60033C0EE /* AppDelegate.swift in Sources */ = {isa = PBXBuildFile; fileRef = 3BAD2ED7226F8FB60033C0EE /* AppDelegate.swift */; };
		3BAD2EDD226F8FB60033C0EE /* Main.storyboard in Resources */ = {isa = PBXBuildFile; fileRef = 3BAD2EDB226F8FB60033C0EE /* Main.storyboard */; };
		3BAD2EE0226F8FB60033C0EE /* GrindhouseCinema.xcdatamodeld in Sources */ = {isa = PBXBuildFile; fileRef = 3BAD2EDE226F8FB60033C0EE /* GrindhouseCinema.xcdatamodeld */; };
		3BAD2EE2226F8FB80033C0EE /* Assets.xcassets in Resources */ = {isa = PBXBuildFile; fileRef = 3BAD2EE1226F8FB80033C0EE /* Assets.xcassets */; };
		3BAD2EE5226F8FB80033C0EE /* LaunchScreen.storyboard in Resources */ = {isa = PBXBuildFile; fileRef = 3BAD2EE3226F8FB80033C0EE /* LaunchScreen.storyboard */; };
		3BAD2EF0226F8FB80033C0EE /* GrindhouseCinemaTests.swift in Sources */ = {isa = PBXBuildFile; fileRef = 3BAD2EEF226F8FB80033C0EE /* GrindhouseCinemaTests.swift */; };
		3BAD2EFB226FA3580033C0EE /* SearchFavoriteViewController.swift in Sources */ = {isa = PBXBuildFile; fileRef = 3BAD2EFA226FA3580033C0EE /* SearchFavoriteViewController.swift */; };
		3BAD2EFF226FA4030033C0EE /* APIManager.swift in Sources */ = {isa = PBXBuildFile; fileRef = 3BAD2EFE226FA4030033C0EE /* APIManager.swift */; };
		3BAD2F04227098EC0033C0EE /* MovieModel.swift in Sources */ = {isa = PBXBuildFile; fileRef = 3BAD2F03227098EC0033C0EE /* MovieModel.swift */; };
		3BAD2F0622709C8C0033C0EE /* MovieDetailModel.swift in Sources */ = {isa = PBXBuildFile; fileRef = 3BAD2F0522709C8C0033C0EE /* MovieDetailModel.swift */; };
		3BAD2F092270A4080033C0EE /* SearchFavoriteViewModel.swift in Sources */ = {isa = PBXBuildFile; fileRef = 3BAD2F082270A4080033C0EE /* SearchFavoriteViewModel.swift */; };
		3BAD2F0B2270AA160033C0EE /* SearchResultViewController.swift in Sources */ = {isa = PBXBuildFile; fileRef = 3BAD2F0A2270AA160033C0EE /* SearchResultViewController.swift */; };
		3BAD2F0D2270AA2B0033C0EE /* SearchResultViewCell.swift in Sources */ = {isa = PBXBuildFile; fileRef = 3BAD2F0C2270AA2B0033C0EE /* SearchResultViewCell.swift */; };
		3BAD2F0F2270AA3A0033C0EE /* SearchResultViewModel.swift in Sources */ = {isa = PBXBuildFile; fileRef = 3BAD2F0E2270AA3A0033C0EE /* SearchResultViewModel.swift */; };
		3BAD2F1222710A790033C0EE /* SearchResultViewModelTests.swift in Sources */ = {isa = PBXBuildFile; fileRef = 3BAD2F1122710A790033C0EE /* SearchResultViewModelTests.swift */; };
		3BAD2F14227110100033C0EE /* SearchFavoriteViewModelTests.swift in Sources */ = {isa = PBXBuildFile; fileRef = 3BAD2F13227110100033C0EE /* SearchFavoriteViewModelTests.swift */; };
		3BAD2F16227112FE0033C0EE /* MovieDetailViewController.swift in Sources */ = {isa = PBXBuildFile; fileRef = 3BAD2F15227112FE0033C0EE /* MovieDetailViewController.swift */; };
		3BAD2F192271B6990033C0EE /* DataManager.swift in Sources */ = {isa = PBXBuildFile; fileRef = 3BAD2F182271B6990033C0EE /* DataManager.swift */; };
		3BAD2F1B2271CE9D0033C0EE /* SearchFavoriteViewCell.swift in Sources */ = {isa = PBXBuildFile; fileRef = 3BAD2F1A2271CE9D0033C0EE /* SearchFavoriteViewCell.swift */; };
		3BAD2F1D2271D5230033C0EE /* MovieDetailViewModel.swift in Sources */ = {isa = PBXBuildFile; fileRef = 3BAD2F1C2271D5230033C0EE /* MovieDetailViewModel.swift */; };
		42182B8DE6B96CA3511A0899 /* Pods_GrindhouseCinemaTests.framework in Frameworks */ = {isa = PBXBuildFile; fileRef = 839568F5BA0D3FF235DEF978 /* Pods_GrindhouseCinemaTests.framework */; };
/* End PBXBuildFile section */

/* Begin PBXContainerItemProxy section */
		3BAD2EEC226F8FB80033C0EE /* PBXContainerItemProxy */ = {
			isa = PBXContainerItemProxy;
			containerPortal = 3BAD2ECC226F8FB60033C0EE /* Project object */;
			proxyType = 1;
			remoteGlobalIDString = 3BAD2ED3226F8FB60033C0EE;
			remoteInfo = GrindhouseCinema;
		};
/* End PBXContainerItemProxy section */

/* Begin PBXFileReference section */
		1C070E2BDD1F9FE7FA464437 /* Pods-GrindhouseCinema.release.xcconfig */ = {isa = PBXFileReference; includeInIndex = 1; lastKnownFileType = text.xcconfig; name = "Pods-GrindhouseCinema.release.xcconfig"; path = "Pods/Target Support Files/Pods-GrindhouseCinema/Pods-GrindhouseCinema.release.xcconfig"; sourceTree = "<group>"; };
		35154DA1F0F0AF2B2C6CC135 /* Pods-GrindhouseCinemaTests.debug.xcconfig */ = {isa = PBXFileReference; includeInIndex = 1; lastKnownFileType = text.xcconfig; name = "Pods-GrindhouseCinemaTests.debug.xcconfig"; path = "Pods/Target Support Files/Pods-GrindhouseCinemaTests/Pods-GrindhouseCinemaTests.debug.xcconfig"; sourceTree = "<group>"; };
		3BAD2ED4226F8FB60033C0EE /* GrindhouseCinema.app */ = {isa = PBXFileReference; explicitFileType = wrapper.application; includeInIndex = 0; path = GrindhouseCinema.app; sourceTree = BUILT_PRODUCTS_DIR; };
		3BAD2ED7226F8FB60033C0EE /* AppDelegate.swift */ = {isa = PBXFileReference; lastKnownFileType = sourcecode.swift; path = AppDelegate.swift; sourceTree = "<group>"; };
		3BAD2EDC226F8FB60033C0EE /* Base */ = {isa = PBXFileReference; lastKnownFileType = file.storyboard; name = Base; path = Base.lproj/Main.storyboard; sourceTree = "<group>"; };
		3BAD2EDF226F8FB60033C0EE /* GrindhouseCinema.xcdatamodel */ = {isa = PBXFileReference; lastKnownFileType = wrapper.xcdatamodel; path = GrindhouseCinema.xcdatamodel; sourceTree = "<group>"; };
		3BAD2EE1226F8FB80033C0EE /* Assets.xcassets */ = {isa = PBXFileReference; lastKnownFileType = folder.assetcatalog; path = Assets.xcassets; sourceTree = "<group>"; };
		3BAD2EE4226F8FB80033C0EE /* Base */ = {isa = PBXFileReference; lastKnownFileType = file.storyboard; name = Base; path = Base.lproj/LaunchScreen.storyboard; sourceTree = "<group>"; };
		3BAD2EE6226F8FB80033C0EE /* Info.plist */ = {isa = PBXFileReference; lastKnownFileType = text.plist.xml; path = Info.plist; sourceTree = "<group>"; };
		3BAD2EEB226F8FB80033C0EE /* GrindhouseCinemaTests.xctest */ = {isa = PBXFileReference; explicitFileType = wrapper.cfbundle; includeInIndex = 0; path = GrindhouseCinemaTests.xctest; sourceTree = BUILT_PRODUCTS_DIR; };
		3BAD2EEF226F8FB80033C0EE /* GrindhouseCinemaTests.swift */ = {isa = PBXFileReference; lastKnownFileType = sourcecode.swift; path = GrindhouseCinemaTests.swift; sourceTree = "<group>"; };
		3BAD2EF1226F8FB80033C0EE /* Info.plist */ = {isa = PBXFileReference; lastKnownFileType = text.plist.xml; path = Info.plist; sourceTree = "<group>"; };
		3BAD2EFA226FA3580033C0EE /* SearchFavoriteViewController.swift */ = {isa = PBXFileReference; lastKnownFileType = sourcecode.swift; path = SearchFavoriteViewController.swift; sourceTree = "<group>"; };
		3BAD2EFE226FA4030033C0EE /* APIManager.swift */ = {isa = PBXFileReference; lastKnownFileType = sourcecode.swift; path = APIManager.swift; sourceTree = "<group>"; };
		3BAD2F03227098EC0033C0EE /* MovieModel.swift */ = {isa = PBXFileReference; lastKnownFileType = sourcecode.swift; path = MovieModel.swift; sourceTree = "<group>"; };
		3BAD2F0522709C8C0033C0EE /* MovieDetailModel.swift */ = {isa = PBXFileReference; lastKnownFileType = sourcecode.swift; path = MovieDetailModel.swift; sourceTree = "<group>"; };
		3BAD2F082270A4080033C0EE /* SearchFavoriteViewModel.swift */ = {isa = PBXFileReference; lastKnownFileType = sourcecode.swift; path = SearchFavoriteViewModel.swift; sourceTree = "<group>"; };
		3BAD2F0A2270AA160033C0EE /* SearchResultViewController.swift */ = {isa = PBXFileReference; lastKnownFileType = sourcecode.swift; path = SearchResultViewController.swift; sourceTree = "<group>"; };
		3BAD2F0C2270AA2B0033C0EE /* SearchResultViewCell.swift */ = {isa = PBXFileReference; lastKnownFileType = sourcecode.swift; path = SearchResultViewCell.swift; sourceTree = "<group>"; };
		3BAD2F0E2270AA3A0033C0EE /* SearchResultViewModel.swift */ = {isa = PBXFileReference; lastKnownFileType = sourcecode.swift; path = SearchResultViewModel.swift; sourceTree = "<group>"; };
		3BAD2F1122710A790033C0EE /* SearchResultViewModelTests.swift */ = {isa = PBXFileReference; lastKnownFileType = sourcecode.swift; path = SearchResultViewModelTests.swift; sourceTree = "<group>"; };
		3BAD2F13227110100033C0EE /* SearchFavoriteViewModelTests.swift */ = {isa = PBXFileReference; lastKnownFileType = sourcecode.swift; path = SearchFavoriteViewModelTests.swift; sourceTree = "<group>"; };
		3BAD2F15227112FE0033C0EE /* MovieDetailViewController.swift */ = {isa = PBXFileReference; lastKnownFileType = sourcecode.swift; path = MovieDetailViewController.swift; sourceTree = "<group>"; };
		3BAD2F182271B6990033C0EE /* DataManager.swift */ = {isa = PBXFileReference; lastKnownFileType = sourcecode.swift; path = DataManager.swift; sourceTree = "<group>"; };
		3BAD2F1A2271CE9D0033C0EE /* SearchFavoriteViewCell.swift */ = {isa = PBXFileReference; lastKnownFileType = sourcecode.swift; path = SearchFavoriteViewCell.swift; sourceTree = "<group>"; };
		3BAD2F1C2271D5230033C0EE /* MovieDetailViewModel.swift */ = {isa = PBXFileReference; lastKnownFileType = sourcecode.swift; path = MovieDetailViewModel.swift; sourceTree = "<group>"; };
		4E89A764E8A04DE0ADFD7705 /* Pods-GrindhouseCinema.debug.xcconfig */ = {isa = PBXFileReference; includeInIndex = 1; lastKnownFileType = text.xcconfig; name = "Pods-GrindhouseCinema.debug.xcconfig"; path = "Pods/Target Support Files/Pods-GrindhouseCinema/Pods-GrindhouseCinema.debug.xcconfig"; sourceTree = "<group>"; };
		74CF2A92DAD09B4F23B542C0 /* Pods-GrindhouseCinemaTests.release.xcconfig */ = {isa = PBXFileReference; includeInIndex = 1; lastKnownFileType = text.xcconfig; name = "Pods-GrindhouseCinemaTests.release.xcconfig"; path = "Pods/Target Support Files/Pods-GrindhouseCinemaTests/Pods-GrindhouseCinemaTests.release.xcconfig"; sourceTree = "<group>"; };
		839568F5BA0D3FF235DEF978 /* Pods_GrindhouseCinemaTests.framework */ = {isa = PBXFileReference; explicitFileType = wrapper.framework; includeInIndex = 0; path = Pods_GrindhouseCinemaTests.framework; sourceTree = BUILT_PRODUCTS_DIR; };
		C4A3CD9CDE997BB6DB36FE0F /* Pods_GrindhouseCinema.framework */ = {isa = PBXFileReference; explicitFileType = wrapper.framework; includeInIndex = 0; path = Pods_GrindhouseCinema.framework; sourceTree = BUILT_PRODUCTS_DIR; };
/* End PBXFileReference section */

/* Begin PBXFrameworksBuildPhase section */
		3BAD2ED1226F8FB60033C0EE /* Frameworks */ = {
			isa = PBXFrameworksBuildPhase;
			buildActionMask = 2147483647;
			files = (
				2DD5EFDE8429195AA8E377FF /* Pods_GrindhouseCinema.framework in Frameworks */,
			);
			runOnlyForDeploymentPostprocessing = 0;
		};
		3BAD2EE8226F8FB80033C0EE /* Frameworks */ = {
			isa = PBXFrameworksBuildPhase;
			buildActionMask = 2147483647;
			files = (
				42182B8DE6B96CA3511A0899 /* Pods_GrindhouseCinemaTests.framework in Frameworks */,
			);
			runOnlyForDeploymentPostprocessing = 0;
		};
/* End PBXFrameworksBuildPhase section */

/* Begin PBXGroup section */
		3BAD2ECB226F8FB60033C0EE = {
			isa = PBXGroup;
			children = (
				3BAD2ED6226F8FB60033C0EE /* GrindhouseCinema */,
				3BAD2EEE226F8FB80033C0EE /* GrindhouseCinemaTests */,
				3BAD2ED5226F8FB60033C0EE /* Products */,
				8289DB816605858B9E20CFCD /* Pods */,
				739A98642A1988FEBDA7D331 /* Frameworks */,
			);
			sourceTree = "<group>";
		};
		3BAD2ED5226F8FB60033C0EE /* Products */ = {
			isa = PBXGroup;
			children = (
				3BAD2ED4226F8FB60033C0EE /* GrindhouseCinema.app */,
				3BAD2EEB226F8FB80033C0EE /* GrindhouseCinemaTests.xctest */,
			);
			name = Products;
			sourceTree = "<group>";
		};
		3BAD2ED6226F8FB60033C0EE /* GrindhouseCinema */ = {
			isa = PBXGroup;
			children = (
				3BAD2F1E2271E4830033C0EE /* Managers */,
				3BAD2F00226FA64C0033C0EE /* Search and Favorite */,
				3BAD2F102270ABAC0033C0EE /* Search Result */,
				3BAD2F17227113060033C0EE /* Movie Detail */,
				3BAD2F0722709CD40033C0EE /* Model */,
				3BAD2ED7226F8FB60033C0EE /* AppDelegate.swift */,
				3BAD2EDB226F8FB60033C0EE /* Main.storyboard */,
				3BAD2EE1226F8FB80033C0EE /* Assets.xcassets */,
				3BAD2EE3226F8FB80033C0EE /* LaunchScreen.storyboard */,
				3BAD2EE6226F8FB80033C0EE /* Info.plist */,
				3BAD2EDE226F8FB60033C0EE /* GrindhouseCinema.xcdatamodeld */,
			);
			path = GrindhouseCinema;
			sourceTree = "<group>";
		};
		3BAD2EEE226F8FB80033C0EE /* GrindhouseCinemaTests */ = {
			isa = PBXGroup;
			children = (
				3BAD2EEF226F8FB80033C0EE /* GrindhouseCinemaTests.swift */,
				3BAD2F1122710A790033C0EE /* SearchResultViewModelTests.swift */,
				3BAD2F13227110100033C0EE /* SearchFavoriteViewModelTests.swift */,
				3BAD2EF1226F8FB80033C0EE /* Info.plist */,
			);
			path = GrindhouseCinemaTests;
			sourceTree = "<group>";
		};
		3BAD2F00226FA64C0033C0EE /* Search and Favorite */ = {
			isa = PBXGroup;
			children = (
				3BAD2EFA226FA3580033C0EE /* SearchFavoriteViewController.swift */,
				3BAD2F1A2271CE9D0033C0EE /* SearchFavoriteViewCell.swift */,
				3BAD2F082270A4080033C0EE /* SearchFavoriteViewModel.swift */,
			);
			path = "Search and Favorite";
			sourceTree = "<group>";
		};
		3BAD2F0722709CD40033C0EE /* Model */ = {
			isa = PBXGroup;
			children = (
				3BAD2F03227098EC0033C0EE /* MovieModel.swift */,
				3BAD2F0522709C8C0033C0EE /* MovieDetailModel.swift */,
			);
			path = Model;
			sourceTree = "<group>";
		};
		3BAD2F102270ABAC0033C0EE /* Search Result */ = {
			isa = PBXGroup;
			children = (
				3BAD2F0A2270AA160033C0EE /* SearchResultViewController.swift */,
				3BAD2F0C2270AA2B0033C0EE /* SearchResultViewCell.swift */,
				3BAD2F0E2270AA3A0033C0EE /* SearchResultViewModel.swift */,
			);
			path = "Search Result";
			sourceTree = "<group>";
		};
		3BAD2F17227113060033C0EE /* Movie Detail */ = {
			isa = PBXGroup;
			children = (
				3BAD2F15227112FE0033C0EE /* MovieDetailViewController.swift */,
				3BAD2F1C2271D5230033C0EE /* MovieDetailViewModel.swift */,
			);
			path = "Movie Detail";
			sourceTree = "<group>";
		};
		3BAD2F1E2271E4830033C0EE /* Managers */ = {
			isa = PBXGroup;
			children = (
				3BAD2EFE226FA4030033C0EE /* APIManager.swift */,
				3BAD2F182271B6990033C0EE /* DataManager.swift */,
			);
			path = Managers;
			sourceTree = "<group>";
		};
		739A98642A1988FEBDA7D331 /* Frameworks */ = {
			isa = PBXGroup;
			children = (
				C4A3CD9CDE997BB6DB36FE0F /* Pods_GrindhouseCinema.framework */,
				839568F5BA0D3FF235DEF978 /* Pods_GrindhouseCinemaTests.framework */,
			);
			name = Frameworks;
			sourceTree = "<group>";
		};
		8289DB816605858B9E20CFCD /* Pods */ = {
			isa = PBXGroup;
			children = (
				4E89A764E8A04DE0ADFD7705 /* Pods-GrindhouseCinema.debug.xcconfig */,
				1C070E2BDD1F9FE7FA464437 /* Pods-GrindhouseCinema.release.xcconfig */,
				35154DA1F0F0AF2B2C6CC135 /* Pods-GrindhouseCinemaTests.debug.xcconfig */,
				74CF2A92DAD09B4F23B542C0 /* Pods-GrindhouseCinemaTests.release.xcconfig */,
			);
			name = Pods;
			sourceTree = "<group>";
		};
/* End PBXGroup section */

/* Begin PBXNativeTarget section */
		3BAD2ED3226F8FB60033C0EE /* GrindhouseCinema */ = {
			isa = PBXNativeTarget;
			buildConfigurationList = 3BAD2EF4226F8FB80033C0EE /* Build configuration list for PBXNativeTarget "GrindhouseCinema" */;
			buildPhases = (
				AA07F471EEFD9861002CB125 /* [CP] Check Pods Manifest.lock */,
				3BAD2ED0226F8FB60033C0EE /* Sources */,
				3BAD2ED1226F8FB60033C0EE /* Frameworks */,
				3BAD2ED2226F8FB60033C0EE /* Resources */,
				B27A2E883A79BF94E5FF3DE2 /* [CP] Embed Pods Frameworks */,
			);
			buildRules = (
			);
			dependencies = (
			);
			name = GrindhouseCinema;
			productName = GrindhouseCinema;
			productReference = 3BAD2ED4226F8FB60033C0EE /* GrindhouseCinema.app */;
			productType = "com.apple.product-type.application";
		};
		3BAD2EEA226F8FB80033C0EE /* GrindhouseCinemaTests */ = {
			isa = PBXNativeTarget;
			buildConfigurationList = 3BAD2EF7226F8FB80033C0EE /* Build configuration list for PBXNativeTarget "GrindhouseCinemaTests" */;
			buildPhases = (
				3BDFFC783630B348FCBC57CC /* [CP] Check Pods Manifest.lock */,
				3BAD2EE7226F8FB80033C0EE /* Sources */,
				3BAD2EE8226F8FB80033C0EE /* Frameworks */,
				3BAD2EE9226F8FB80033C0EE /* Resources */,
				D5F29134CE2380A32646DA24 /* [CP] Embed Pods Frameworks */,
			);
			buildRules = (
			);
			dependencies = (
				3BAD2EED226F8FB80033C0EE /* PBXTargetDependency */,
			);
			name = GrindhouseCinemaTests;
			productName = GrindhouseCinemaTests;
			productReference = 3BAD2EEB226F8FB80033C0EE /* GrindhouseCinemaTests.xctest */;
			productType = "com.apple.product-type.bundle.unit-test";
		};
/* End PBXNativeTarget section */

/* Begin PBXProject section */
		3BAD2ECC226F8FB60033C0EE /* Project object */ = {
			isa = PBXProject;
			attributes = {
				LastSwiftUpdateCheck = 1020;
				LastUpgradeCheck = 1020;
				ORGANIZATIONNAME = jotshin;
				TargetAttributes = {
					3BAD2ED3226F8FB60033C0EE = {
						CreatedOnToolsVersion = 10.2.1;
					};
					3BAD2EEA226F8FB80033C0EE = {
						CreatedOnToolsVersion = 10.2.1;
						TestTargetID = 3BAD2ED3226F8FB60033C0EE;
					};
				};
			};
			buildConfigurationList = 3BAD2ECF226F8FB60033C0EE /* Build configuration list for PBXProject "GrindhouseCinema" */;
			compatibilityVersion = "Xcode 9.3";
			developmentRegion = en;
			hasScannedForEncodings = 0;
			knownRegions = (
				en,
				Base,
			);
			mainGroup = 3BAD2ECB226F8FB60033C0EE;
			productRefGroup = 3BAD2ED5226F8FB60033C0EE /* Products */;
			projectDirPath = "";
			projectRoot = "";
			targets = (
				3BAD2ED3226F8FB60033C0EE /* GrindhouseCinema */,
				3BAD2EEA226F8FB80033C0EE /* GrindhouseCinemaTests */,
			);
		};
/* End PBXProject section */

/* Begin PBXResourcesBuildPhase section */
		3BAD2ED2226F8FB60033C0EE /* Resources */ = {
			isa = PBXResourcesBuildPhase;
			buildActionMask = 2147483647;
			files = (
				3BAD2EE5226F8FB80033C0EE /* LaunchScreen.storyboard in Resources */,
				3BAD2EE2226F8FB80033C0EE /* Assets.xcassets in Resources */,
				3BAD2EDD226F8FB60033C0EE /* Main.storyboard in Resources */,
			);
			runOnlyForDeploymentPostprocessing = 0;
		};
		3BAD2EE9226F8FB80033C0EE /* Resources */ = {
			isa = PBXResourcesBuildPhase;
			buildActionMask = 2147483647;
			files = (
			);
			runOnlyForDeploymentPostprocessing = 0;
		};
/* End PBXResourcesBuildPhase section */

/* Begin PBXShellScriptBuildPhase section */
		3BDFFC783630B348FCBC57CC /* [CP] Check Pods Manifest.lock */ = {
			isa = PBXShellScriptBuildPhase;
			buildActionMask = 2147483647;
			files = (
			);
			inputFileListPaths = (
			);
			inputPaths = (
				"${PODS_PODFILE_DIR_PATH}/Podfile.lock",
				"${PODS_ROOT}/Manifest.lock",
			);
			name = "[CP] Check Pods Manifest.lock";
			outputFileListPaths = (
			);
			outputPaths = (
				"$(DERIVED_FILE_DIR)/Pods-GrindhouseCinemaTests-checkManifestLockResult.txt",
			);
			runOnlyForDeploymentPostprocessing = 0;
			shellPath = /bin/sh;
			shellScript = "diff \"${PODS_PODFILE_DIR_PATH}/Podfile.lock\" \"${PODS_ROOT}/Manifest.lock\" > /dev/null\nif [ $? != 0 ] ; then\n    # print error to STDERR\n    echo \"error: The sandbox is not in sync with the Podfile.lock. Run 'pod install' or update your CocoaPods installation.\" >&2\n    exit 1\nfi\n# This output is used by Xcode 'outputs' to avoid re-running this script phase.\necho \"SUCCESS\" > \"${SCRIPT_OUTPUT_FILE_0}\"\n";
			showEnvVarsInLog = 0;
		};
		AA07F471EEFD9861002CB125 /* [CP] Check Pods Manifest.lock */ = {
			isa = PBXShellScriptBuildPhase;
			buildActionMask = 2147483647;
			files = (
			);
			inputFileListPaths = (
			);
			inputPaths = (
				"${PODS_PODFILE_DIR_PATH}/Podfile.lock",
				"${PODS_ROOT}/Manifest.lock",
			);
			name = "[CP] Check Pods Manifest.lock";
			outputFileListPaths = (
			);
			outputPaths = (
				"$(DERIVED_FILE_DIR)/Pods-GrindhouseCinema-checkManifestLockResult.txt",
			);
			runOnlyForDeploymentPostprocessing = 0;
			shellPath = /bin/sh;
			shellScript = "diff \"${PODS_PODFILE_DIR_PATH}/Podfile.lock\" \"${PODS_ROOT}/Manifest.lock\" > /dev/null\nif [ $? != 0 ] ; then\n    # print error to STDERR\n    echo \"error: The sandbox is not in sync with the Podfile.lock. Run 'pod install' or update your CocoaPods installation.\" >&2\n    exit 1\nfi\n# This output is used by Xcode 'outputs' to avoid re-running this script phase.\necho \"SUCCESS\" > \"${SCRIPT_OUTPUT_FILE_0}\"\n";
			showEnvVarsInLog = 0;
		};
		B27A2E883A79BF94E5FF3DE2 /* [CP] Embed Pods Frameworks */ = {
			isa = PBXShellScriptBuildPhase;
			buildActionMask = 2147483647;
			files = (
			);
			inputFileListPaths = (
			);
			inputPaths = (
				"${SRCROOT}/Pods/Target Support Files/Pods-GrindhouseCinema/Pods-GrindhouseCinema-frameworks.sh",
				"${BUILT_PRODUCTS_DIR}/SVProgressHUD/SVProgressHUD.framework",
			);
			name = "[CP] Embed Pods Frameworks";
			outputFileListPaths = (
			);
			outputPaths = (
				"${TARGET_BUILD_DIR}/${FRAMEWORKS_FOLDER_PATH}/SVProgressHUD.framework",
			);
			runOnlyForDeploymentPostprocessing = 0;
			shellPath = /bin/sh;
			shellScript = "\"${SRCROOT}/Pods/Target Support Files/Pods-GrindhouseCinema/Pods-GrindhouseCinema-frameworks.sh\"\n";
			showEnvVarsInLog = 0;
		};
		D5F29134CE2380A32646DA24 /* [CP] Embed Pods Frameworks */ = {
			isa = PBXShellScriptBuildPhase;
			buildActionMask = 2147483647;
			files = (
			);
			inputFileListPaths = (
			);
			inputPaths = (
				"${SRCROOT}/Pods/Target Support Files/Pods-GrindhouseCinemaTests/Pods-GrindhouseCinemaTests-frameworks.sh",
				"${BUILT_PRODUCTS_DIR}/Nimble/Nimble.framework",
				"${BUILT_PRODUCTS_DIR}/Quick/Quick.framework",
			);
			name = "[CP] Embed Pods Frameworks";
			outputFileListPaths = (
			);
			outputPaths = (
				"${TARGET_BUILD_DIR}/${FRAMEWORKS_FOLDER_PATH}/Nimble.framework",
				"${TARGET_BUILD_DIR}/${FRAMEWORKS_FOLDER_PATH}/Quick.framework",
			);
			runOnlyForDeploymentPostprocessing = 0;
			shellPath = /bin/sh;
			shellScript = "\"${SRCROOT}/Pods/Target Support Files/Pods-GrindhouseCinemaTests/Pods-GrindhouseCinemaTests-frameworks.sh\"\n";
			showEnvVarsInLog = 0;
		};
/* End PBXShellScriptBuildPhase section */

/* Begin PBXSourcesBuildPhase section */
		3BAD2ED0226F8FB60033C0EE /* Sources */ = {
			isa = PBXSourcesBuildPhase;
			buildActionMask = 2147483647;
			files = (
				3BAD2F04227098EC0033C0EE /* MovieModel.swift in Sources */,
				3BAD2F0F2270AA3A0033C0EE /* SearchResultViewModel.swift in Sources */,
				3BAD2F0B2270AA160033C0EE /* SearchResultViewController.swift in Sources */,
				3BAD2EFF226FA4030033C0EE /* APIManager.swift in Sources */,
				3BAD2F1B2271CE9D0033C0EE /* SearchFavoriteViewCell.swift in Sources */,
				3BAD2F16227112FE0033C0EE /* MovieDetailViewController.swift in Sources */,
				3BAD2F0D2270AA2B0033C0EE /* SearchResultViewCell.swift in Sources */,
				3BAD2F092270A4080033C0EE /* SearchFavoriteViewModel.swift in Sources */,
				3BAD2EE0226F8FB60033C0EE /* GrindhouseCinema.xcdatamodeld in Sources */,
				3BAD2EFB226FA3580033C0EE /* SearchFavoriteViewController.swift in Sources */,
				3BAD2F0622709C8C0033C0EE /* MovieDetailModel.swift in Sources */,
				3BAD2F192271B6990033C0EE /* DataManager.swift in Sources */,
				3BAD2F1D2271D5230033C0EE /* MovieDetailViewModel.swift in Sources */,
				3BAD2ED8226F8FB60033C0EE /* AppDelegate.swift in Sources */,
			);
			runOnlyForDeploymentPostprocessing = 0;
		};
		3BAD2EE7226F8FB80033C0EE /* Sources */ = {
			isa = PBXSourcesBuildPhase;
			buildActionMask = 2147483647;
			files = (
				3BAD2F1222710A790033C0EE /* SearchResultViewModelTests.swift in Sources */,
				3BAD2EF0226F8FB80033C0EE /* GrindhouseCinemaTests.swift in Sources */,
				3BAD2F14227110100033C0EE /* SearchFavoriteViewModelTests.swift in Sources */,
			);
			runOnlyForDeploymentPostprocessing = 0;
		};
/* End PBXSourcesBuildPhase section */

/* Begin PBXTargetDependency section */
		3BAD2EED226F8FB80033C0EE /* PBXTargetDependency */ = {
			isa = PBXTargetDependency;
			target = 3BAD2ED3226F8FB60033C0EE /* GrindhouseCinema */;
			targetProxy = 3BAD2EEC226F8FB80033C0EE /* PBXContainerItemProxy */;
		};
/* End PBXTargetDependency section */

/* Begin PBXVariantGroup section */
		3BAD2EDB226F8FB60033C0EE /* Main.storyboard */ = {
			isa = PBXVariantGroup;
			children = (
				3BAD2EDC226F8FB60033C0EE /* Base */,
			);
			name = Main.storyboard;
			sourceTree = "<group>";
		};
		3BAD2EE3226F8FB80033C0EE /* LaunchScreen.storyboard */ = {
			isa = PBXVariantGroup;
			children = (
				3BAD2EE4226F8FB80033C0EE /* Base */,
			);
			name = LaunchScreen.storyboard;
			sourceTree = "<group>";
		};
/* End PBXVariantGroup section */

/* Begin XCBuildConfiguration section */
		3BAD2EF2226F8FB80033C0EE /* Debug */ = {
			isa = XCBuildConfiguration;
			buildSettings = {
				ALWAYS_SEARCH_USER_PATHS = NO;
				CLANG_ANALYZER_NONNULL = YES;
				CLANG_ANALYZER_NUMBER_OBJECT_CONVERSION = YES_AGGRESSIVE;
				CLANG_CXX_LANGUAGE_STANDARD = "gnu++14";
				CLANG_CXX_LIBRARY = "libc++";
				CLANG_ENABLE_MODULES = YES;
				CLANG_ENABLE_OBJC_ARC = YES;
				CLANG_ENABLE_OBJC_WEAK = YES;
				CLANG_WARN_BLOCK_CAPTURE_AUTORELEASING = YES;
				CLANG_WARN_BOOL_CONVERSION = YES;
				CLANG_WARN_COMMA = YES;
				CLANG_WARN_CONSTANT_CONVERSION = YES;
				CLANG_WARN_DEPRECATED_OBJC_IMPLEMENTATIONS = YES;
				CLANG_WARN_DIRECT_OBJC_ISA_USAGE = YES_ERROR;
				CLANG_WARN_DOCUMENTATION_COMMENTS = YES;
				CLANG_WARN_EMPTY_BODY = YES;
				CLANG_WARN_ENUM_CONVERSION = YES;
				CLANG_WARN_INFINITE_RECURSION = YES;
				CLANG_WARN_INT_CONVERSION = YES;
				CLANG_WARN_NON_LITERAL_NULL_CONVERSION = YES;
				CLANG_WARN_OBJC_IMPLICIT_RETAIN_SELF = YES;
				CLANG_WARN_OBJC_LITERAL_CONVERSION = YES;
				CLANG_WARN_OBJC_ROOT_CLASS = YES_ERROR;
				CLANG_WARN_RANGE_LOOP_ANALYSIS = YES;
				CLANG_WARN_STRICT_PROTOTYPES = YES;
				CLANG_WARN_SUSPICIOUS_MOVE = YES;
				CLANG_WARN_UNGUARDED_AVAILABILITY = YES_AGGRESSIVE;
				CLANG_WARN_UNREACHABLE_CODE = YES;
				CLANG_WARN__DUPLICATE_METHOD_MATCH = YES;
				CODE_SIGN_IDENTITY = "iPhone Developer";
				COPY_PHASE_STRIP = NO;
				DEBUG_INFORMATION_FORMAT = dwarf;
				ENABLE_STRICT_OBJC_MSGSEND = YES;
				ENABLE_TESTABILITY = YES;
				GCC_C_LANGUAGE_STANDARD = gnu11;
				GCC_DYNAMIC_NO_PIC = NO;
				GCC_NO_COMMON_BLOCKS = YES;
				GCC_OPTIMIZATION_LEVEL = 0;
				GCC_PREPROCESSOR_DEFINITIONS = (
					"DEBUG=1",
					"$(inherited)",
				);
				GCC_WARN_64_TO_32_BIT_CONVERSION = YES;
				GCC_WARN_ABOUT_RETURN_TYPE = YES_ERROR;
				GCC_WARN_UNDECLARED_SELECTOR = YES;
				GCC_WARN_UNINITIALIZED_AUTOS = YES_AGGRESSIVE;
				GCC_WARN_UNUSED_FUNCTION = YES;
				GCC_WARN_UNUSED_VARIABLE = YES;
				IPHONEOS_DEPLOYMENT_TARGET = 12.2;
				MTL_ENABLE_DEBUG_INFO = INCLUDE_SOURCE;
				MTL_FAST_MATH = YES;
				ONLY_ACTIVE_ARCH = YES;
				SDKROOT = iphoneos;
				SWIFT_ACTIVE_COMPILATION_CONDITIONS = DEBUG;
				SWIFT_OPTIMIZATION_LEVEL = "-Onone";
			};
			name = Debug;
		};
		3BAD2EF3226F8FB80033C0EE /* Release */ = {
			isa = XCBuildConfiguration;
			buildSettings = {
				ALWAYS_SEARCH_USER_PATHS = NO;
				CLANG_ANALYZER_NONNULL = YES;
				CLANG_ANALYZER_NUMBER_OBJECT_CONVERSION = YES_AGGRESSIVE;
				CLANG_CXX_LANGUAGE_STANDARD = "gnu++14";
				CLANG_CXX_LIBRARY = "libc++";
				CLANG_ENABLE_MODULES = YES;
				CLANG_ENABLE_OBJC_ARC = YES;
				CLANG_ENABLE_OBJC_WEAK = YES;
				CLANG_WARN_BLOCK_CAPTURE_AUTORELEASING = YES;
				CLANG_WARN_BOOL_CONVERSION = YES;
				CLANG_WARN_COMMA = YES;
				CLANG_WARN_CONSTANT_CONVERSION = YES;
				CLANG_WARN_DEPRECATED_OBJC_IMPLEMENTATIONS = YES;
				CLANG_WARN_DIRECT_OBJC_ISA_USAGE = YES_ERROR;
				CLANG_WARN_DOCUMENTATION_COMMENTS = YES;
				CLANG_WARN_EMPTY_BODY = YES;
				CLANG_WARN_ENUM_CONVERSION = YES;
				CLANG_WARN_INFINITE_RECURSION = YES;
				CLANG_WARN_INT_CONVERSION = YES;
				CLANG_WARN_NON_LITERAL_NULL_CONVERSION = YES;
				CLANG_WARN_OBJC_IMPLICIT_RETAIN_SELF = YES;
				CLANG_WARN_OBJC_LITERAL_CONVERSION = YES;
				CLANG_WARN_OBJC_ROOT_CLASS = YES_ERROR;
				CLANG_WARN_RANGE_LOOP_ANALYSIS = YES;
				CLANG_WARN_STRICT_PROTOTYPES = YES;
				CLANG_WARN_SUSPICIOUS_MOVE = YES;
				CLANG_WARN_UNGUARDED_AVAILABILITY = YES_AGGRESSIVE;
				CLANG_WARN_UNREACHABLE_CODE = YES;
				CLANG_WARN__DUPLICATE_METHOD_MATCH = YES;
				CODE_SIGN_IDENTITY = "iPhone Developer";
				COPY_PHASE_STRIP = NO;
				DEBUG_INFORMATION_FORMAT = "dwarf-with-dsym";
				ENABLE_NS_ASSERTIONS = NO;
				ENABLE_STRICT_OBJC_MSGSEND = YES;
				GCC_C_LANGUAGE_STANDARD = gnu11;
				GCC_NO_COMMON_BLOCKS = YES;
				GCC_WARN_64_TO_32_BIT_CONVERSION = YES;
				GCC_WARN_ABOUT_RETURN_TYPE = YES_ERROR;
				GCC_WARN_UNDECLARED_SELECTOR = YES;
				GCC_WARN_UNINITIALIZED_AUTOS = YES_AGGRESSIVE;
				GCC_WARN_UNUSED_FUNCTION = YES;
				GCC_WARN_UNUSED_VARIABLE = YES;
				IPHONEOS_DEPLOYMENT_TARGET = 12.2;
				MTL_ENABLE_DEBUG_INFO = NO;
				MTL_FAST_MATH = YES;
				SDKROOT = iphoneos;
				SWIFT_COMPILATION_MODE = wholemodule;
				SWIFT_OPTIMIZATION_LEVEL = "-O";
				VALIDATE_PRODUCT = YES;
			};
			name = Release;
		};
		3BAD2EF5226F8FB80033C0EE /* Debug */ = {
			isa = XCBuildConfiguration;
			baseConfigurationReference = 4E89A764E8A04DE0ADFD7705 /* Pods-GrindhouseCinema.debug.xcconfig */;
			buildSettings = {
				ASSETCATALOG_COMPILER_APPICON_NAME = AppIcon;
				CODE_SIGN_STYLE = Automatic;
				DEVELOPMENT_TEAM = YN6QUHK28F;
				INFOPLIST_FILE = GrindhouseCinema/Info.plist;
				LD_RUNPATH_SEARCH_PATHS = (
					"$(inherited)",
					"@executable_path/Frameworks",
				);
				PRODUCT_BUNDLE_IDENTIFIER = com.jotshin.GrindhouseCinema;
				PRODUCT_NAME = "$(TARGET_NAME)";
				SWIFT_VERSION = 5.0;
				TARGETED_DEVICE_FAMILY = "1,2";
			};
			name = Debug;
		};
		3BAD2EF6226F8FB80033C0EE /* Release */ = {
			isa = XCBuildConfiguration;
			baseConfigurationReference = 1C070E2BDD1F9FE7FA464437 /* Pods-GrindhouseCinema.release.xcconfig */;
			buildSettings = {
				ASSETCATALOG_COMPILER_APPICON_NAME = AppIcon;
				CODE_SIGN_STYLE = Automatic;
				DEVELOPMENT_TEAM = YN6QUHK28F;
				INFOPLIST_FILE = GrindhouseCinema/Info.plist;
				LD_RUNPATH_SEARCH_PATHS = (
					"$(inherited)",
					"@executable_path/Frameworks",
				);
				PRODUCT_BUNDLE_IDENTIFIER = com.jotshin.GrindhouseCinema;
				PRODUCT_NAME = "$(TARGET_NAME)";
				SWIFT_VERSION = 5.0;
				TARGETED_DEVICE_FAMILY = "1,2";
			};
			name = Release;
		};
		3BAD2EF8226F8FB80033C0EE /* Debug */ = {
			isa = XCBuildConfiguration;
			baseConfigurationReference = 35154DA1F0F0AF2B2C6CC135 /* Pods-GrindhouseCinemaTests.debug.xcconfig */;
			buildSettings = {
				ALWAYS_EMBED_SWIFT_STANDARD_LIBRARIES = YES;
				BUNDLE_LOADER = "$(TEST_HOST)";
				CODE_SIGN_STYLE = Automatic;
				DEVELOPMENT_TEAM = YN6QUHK28F;
				INFOPLIST_FILE = GrindhouseCinemaTests/Info.plist;
				LD_RUNPATH_SEARCH_PATHS = (
					"$(inherited)",
					"@executable_path/Frameworks",
					"@loader_path/Frameworks",
				);
				PRODUCT_BUNDLE_IDENTIFIER = com.jotshin.GrindhouseCinemaTests;
				PRODUCT_NAME = "$(TARGET_NAME)";
				SWIFT_VERSION = 5.0;
				TARGETED_DEVICE_FAMILY = "1,2";
				TEST_HOST = "$(BUILT_PRODUCTS_DIR)/GrindhouseCinema.app/GrindhouseCinema";
			};
			name = Debug;
		};
		3BAD2EF9226F8FB80033C0EE /* Release */ = {
			isa = XCBuildConfiguration;
			baseConfigurationReference = 74CF2A92DAD09B4F23B542C0 /* Pods-GrindhouseCinemaTests.release.xcconfig */;
			buildSettings = {
				ALWAYS_EMBED_SWIFT_STANDARD_LIBRARIES = YES;
				BUNDLE_LOADER = "$(TEST_HOST)";
				CODE_SIGN_STYLE = Automatic;
				DEVELOPMENT_TEAM = YN6QUHK28F;
				INFOPLIST_FILE = GrindhouseCinemaTests/Info.plist;
				LD_RUNPATH_SEARCH_PATHS = (
					"$(inherited)",
					"@executable_path/Frameworks",
					"@loader_path/Frameworks",
				);
				PRODUCT_BUNDLE_IDENTIFIER = com.jotshin.GrindhouseCinemaTests;
				PRODUCT_NAME = "$(TARGET_NAME)";
				SWIFT_VERSION = 5.0;
				TARGETED_DEVICE_FAMILY = "1,2";
				TEST_HOST = "$(BUILT_PRODUCTS_DIR)/GrindhouseCinema.app/GrindhouseCinema";
			};
			name = Release;
		};
/* End XCBuildConfiguration section */

/* Begin XCConfigurationList section */
		3BAD2ECF226F8FB60033C0EE /* Build configuration list for PBXProject "GrindhouseCinema" */ = {
			isa = XCConfigurationList;
			buildConfigurations = (
				3BAD2EF2226F8FB80033C0EE /* Debug */,
				3BAD2EF3226F8FB80033C0EE /* Release */,
			);
			defaultConfigurationIsVisible = 0;
			defaultConfigurationName = Release;
		};
		3BAD2EF4226F8FB80033C0EE /* Build configuration list for PBXNativeTarget "GrindhouseCinema" */ = {
			isa = XCConfigurationList;
			buildConfigurations = (
				3BAD2EF5226F8FB80033C0EE /* Debug */,
				3BAD2EF6226F8FB80033C0EE /* Release */,
			);
			defaultConfigurationIsVisible = 0;
			defaultConfigurationName = Release;
		};
		3BAD2EF7226F8FB80033C0EE /* Build configuration list for PBXNativeTarget "GrindhouseCinemaTests" */ = {
			isa = XCConfigurationList;
			buildConfigurations = (
				3BAD2EF8226F8FB80033C0EE /* Debug */,
				3BAD2EF9226F8FB80033C0EE /* Release */,
			);
			defaultConfigurationIsVisible = 0;
			defaultConfigurationName = Release;
		};
/* End XCConfigurationList section */

/* Begin XCVersionGroup section */
		3BAD2EDE226F8FB60033C0EE /* GrindhouseCinema.xcdatamodeld */ = {
			isa = XCVersionGroup;
			children = (
				3BAD2EDF226F8FB60033C0EE /* GrindhouseCinema.xcdatamodel */,
			);
			currentVersion = 3BAD2EDF226F8FB60033C0EE /* GrindhouseCinema.xcdatamodel */;
			path = GrindhouseCinema.xcdatamodeld;
			sourceTree = "<group>";
			versionGroupType = wrapper.xcdatamodel;
		};
/* End XCVersionGroup section */
	};
	rootObject = 3BAD2ECC226F8FB60033C0EE /* Project object */;
}
